
Microsoft Visual Studio Solution File, Format Version 12.00
# Visual Studio 15
VisualStudioVersion = 15.0.28010.2003
MinimumVisualStudioVersion = 10.0.40219.1
Project("{FAE04EC0-301F-11D3-BF4B-00C04F79EFBC}") = "CRM Projesi", "CRM Projesi\CRM Projesi.csproj", "{706C732F-11DF-4BEA-AC85-F51B75854B69}"
EndProject
Global
	GlobalSection(SolutionConfigurationPlatforms) = preSolution
		Debug|Any CPU = Debug|Any CPU
		Release|Any CPU = Release|Any CPU
	EndGlobalSection
	GlobalSection(ProjectConfigurationPlatforms) = postSolution
		{706C732F-11DF-4BEA-AC85-F51B75854B69}.Debug|Any CPU.ActiveCfg = Debug|Any CPU
		{706C732F-11DF-4BEA-AC85-F51B75854B69}.Debug|Any CPU.Build.0 = Debug|Any CPU
		{706C732F-11DF-4BEA-AC85-F51B75854B69}.Release|Any CPU.ActiveCfg = Release|Any CPU
		{706C732F-11DF-4BEA-AC85-F51B75854B69}.Release|Any CPU.Build.0 = Release|Any CPU
	EndGlobalSection
	GlobalSection(SolutionProperties) = preSolution
		HideSolutionNode = FALSE
	EndGlobalSection
	GlobalSection(ExtensibilityGlobals) = postSolution
		SolutionGuid = {742905B7-3453-4799-981A-C350A7A3227C}
	EndGlobalSection
EndGlobal
